
Microsoft Visual Studio Solution File, Format Version 12.00
# Visual Studio Version 17
VisualStudioVersion = 17.11.35327.3
MinimumVisualStudioVersion = 10.0.40219.1
Project("{9A19103F-16F7-4668-BE54-9A1E7A4F7556}") = "ServiceCaR", "ServiceStationWebApp\ServiceCaR.csproj", "{CE53B311-4BE7-4DAD-BF12-574164807DFA}"
EndProject
Project("{E53339B2-1760-4266-BCC7-CA923CBCF16C}") = "docker-compose", "docker-compose.dcproj", "{2A8BE8C5-B288-42CF-B061-22320AC129FC}"
EndProject
Global
	GlobalSection(SolutionConfigurationPlatforms) = preSolution
		Debug|Any CPU = Debug|Any CPU
		Release|Any CPU = Release|Any CPU
	EndGlobalSection
	GlobalSection(ProjectConfigurationPlatforms) = postSolution
		{CE53B311-4BE7-4DAD-BF12-574164807DFA}.Debug|Any CPU.ActiveCfg = Debug|Any CPU
		{CE53B311-4BE7-4DAD-BF12-574164807DFA}.Debug|Any CPU.Build.0 = Debug|Any CPU
		{CE53B311-4BE7-4DAD-BF12-574164807DFA}.Release|Any CPU.ActiveCfg = Release|Any CPU
		{CE53B311-4BE7-4DAD-BF12-574164807DFA}.Release|Any CPU.Build.0 = Release|Any CPU
		{2A8BE8C5-B288-42CF-B061-22320AC129FC}.Debug|Any CPU.ActiveCfg = Debug|Any CPU
		{2A8BE8C5-B288-42CF-B061-22320AC129FC}.Debug|Any CPU.Build.0 = Debug|Any CPU
		{2A8BE8C5-B288-42CF-B061-22320AC129FC}.Release|Any CPU.ActiveCfg = Release|Any CPU
		{2A8BE8C5-B288-42CF-B061-22320AC129FC}.Release|Any CPU.Build.0 = Release|Any CPU
	EndGlobalSection
	GlobalSection(SolutionProperties) = preSolution
		HideSolutionNode = FALSE
	EndGlobalSection
	GlobalSection(ExtensibilityGlobals) = postSolution
		SolutionGuid = {C3B68167-83C3-4303-AC3D-B58CC0EC4E4F}
	EndGlobalSection
EndGlobal
